
Microsoft Visual Studio Solution File, Format Version 12.00
# Visual Studio Version 16
VisualStudioVersion = 16.0.30523.141
MinimumVisualStudioVersion = 10.0.40219.1
Project("{FAE04EC0-301F-11D3-BF4B-00C04F79EFBC}") = "ClokDelegat", "ClokDelegat\ClokDelegat.csproj", "{002F384E-394D-465E-9B94-697C9246F386}"
EndProject
Global
	GlobalSection(SolutionConfigurationPlatforms) = preSolution
		Debug|Any CPU = Debug|Any CPU
		Release|Any CPU = Release|Any CPU
	EndGlobalSection
	GlobalSection(ProjectConfigurationPlatforms) = postSolution
		{002F384E-394D-465E-9B94-697C9246F386}.Debug|Any CPU.ActiveCfg = Debug|Any CPU
		{002F384E-394D-465E-9B94-697C9246F386}.Debug|Any CPU.Build.0 = Debug|Any CPU
		{002F384E-394D-465E-9B94-697C9246F386}.Release|Any CPU.ActiveCfg = Release|Any CPU
		{002F384E-394D-465E-9B94-697C9246F386}.Release|Any CPU.Build.0 = Release|Any CPU
	EndGlobalSection
	GlobalSection(SolutionProperties) = preSolution
		HideSolutionNode = FALSE
	EndGlobalSection
	GlobalSection(ExtensibilityGlobals) = postSolution
		SolutionGuid = {226020E3-9748-4DF4-8EBD-D6561134D2CC}
	EndGlobalSection
EndGlobal
